
Microsoft Visual Studio Solution File, Format Version 12.00
# Visual Studio Version 16
VisualStudioVersion = 16.0.28917.182
MinimumVisualStudioVersion = 10.0.40219.1
Project("{FAE04EC0-301F-11D3-BF4B-00C04F79EFBC}") = "BarbisanBruegger", "BarbisanBruegger\BarbisanBruegger.csproj", "{9F93812B-7E11-4E56-AACA-1413CF949967}"
EndProject
Project("{FAE04EC0-301F-11D3-BF4B-00C04F79EFBC}") = "BarbisanBruegger.Tests", "BarbisanBruegger.Tests\BarbisanBruegger.Tests.csproj", "{F3C26DBF-360C-46CC-94D4-8A6BA7C066C1}"
EndProject
Global
	GlobalSection(SolutionConfigurationPlatforms) = preSolution
		Debug|Any CPU = Debug|Any CPU
		Release|Any CPU = Release|Any CPU
	EndGlobalSection
	GlobalSection(ProjectConfigurationPlatforms) = postSolution
		{9F93812B-7E11-4E56-AACA-1413CF949967}.Debug|Any CPU.ActiveCfg = Debug|Any CPU
		{9F93812B-7E11-4E56-AACA-1413CF949967}.Debug|Any CPU.Build.0 = Debug|Any CPU
		{9F93812B-7E11-4E56-AACA-1413CF949967}.Release|Any CPU.ActiveCfg = Release|Any CPU
		{9F93812B-7E11-4E56-AACA-1413CF949967}.Release|Any CPU.Build.0 = Release|Any CPU
		{F3C26DBF-360C-46CC-94D4-8A6BA7C066C1}.Debug|Any CPU.ActiveCfg = Debug|Any CPU
		{F3C26DBF-360C-46CC-94D4-8A6BA7C066C1}.Debug|Any CPU.Build.0 = Debug|Any CPU
		{F3C26DBF-360C-46CC-94D4-8A6BA7C066C1}.Release|Any CPU.ActiveCfg = Release|Any CPU
		{F3C26DBF-360C-46CC-94D4-8A6BA7C066C1}.Release|Any CPU.Build.0 = Release|Any CPU
	EndGlobalSection
	GlobalSection(SolutionProperties) = preSolution
		HideSolutionNode = FALSE
	EndGlobalSection
	GlobalSection(ExtensibilityGlobals) = postSolution
		SolutionGuid = {7EB4EE82-2126-4556-BAFF-70DFCB643B73}
	EndGlobalSection
EndGlobal
